# This file is automatically @generated by Cargo.
# It is not intended for manual editing.
[[package]]
name = "defaultmap"
version = "0.4.0"
source = "registry+https://github.com/rust-lang/crates.io-index"
checksum = "8f17a1a14b082225c6758a7f26bc8af696c4a455e7e3995de5ba2875c18bd804"

[[package]]
name = "soccer-ranking"
version = "0.1.0"
dependencies = [
 "defaultmap",
]
